
Microsoft Visual Studio Solution File, Format Version 12.00
# Visual Studio 15
VisualStudioVersion = 15.0.28010.2048
MinimumVisualStudioVersion = 10.0.40219.1
Project("{8BC9CEB8-8B4A-11D0-8D11-00A0C91BC942}") = "AlexVisionTests", "AlexVisionTests\AlexVisionTests.vcxproj", "{5FEA3577-2196-4540-B0FF-3E60A34A05D2}"
EndProject
Global
	GlobalSection(SolutionConfigurationPlatforms) = preSolution
		Debug|x64 = Debug|x64
		Debug|x86 = Debug|x86
		Release|x64 = Release|x64
		Release|x86 = Release|x86
	EndGlobalSection
	GlobalSection(ProjectConfigurationPlatforms) = postSolution
		{5FEA3577-2196-4540-B0FF-3E60A34A05D2}.Debug|x64.ActiveCfg = Debug|x64
		{5FEA3577-2196-4540-B0FF-3E60A34A05D2}.Debug|x64.Build.0 = Debug|x64
		{5FEA3577-2196-4540-B0FF-3E60A34A05D2}.Debug|x86.ActiveCfg = Debug|Win32
		{5FEA3577-2196-4540-B0FF-3E60A34A05D2}.Debug|x86.Build.0 = Debug|Win32
		{5FEA3577-2196-4540-B0FF-3E60A34A05D2}.Release|x64.ActiveCfg = Release|x64
		{5FEA3577-2196-4540-B0FF-3E60A34A05D2}.Release|x64.Build.0 = Release|x64
		{5FEA3577-2196-4540-B0FF-3E60A34A05D2}.Release|x86.ActiveCfg = Release|Win32
		{5FEA3577-2196-4540-B0FF-3E60A34A05D2}.Release|x86.Build.0 = Release|Win32
	EndGlobalSection
	GlobalSection(SolutionProperties) = preSolution
		HideSolutionNode = FALSE
	EndGlobalSection
	GlobalSection(ExtensibilityGlobals) = postSolution
		SolutionGuid = {B9BC5E23-C1C0-45D0-A496-1F5D38AAA379}
	EndGlobalSection
EndGlobal
